
Microsoft Visual Studio Solution File, Format Version 12.00
# Visual Studio Version 16
VisualStudioVersion = 16.0.30413.136
MinimumVisualStudioVersion = 10.0.40219.1
Project("{FAE04EC0-301F-11D3-BF4B-00C04F79EFBC}") = "CookiesAndSessionsDemo", "CookiesAndSessionsDemo.csproj", "{83306A6E-40D8-47A4-B4D2-71DEEB1431C6}"
EndProject
Global
	GlobalSection(SolutionConfigurationPlatforms) = preSolution
		Debug|Any CPU = Debug|Any CPU
		Release|Any CPU = Release|Any CPU
	EndGlobalSection
	GlobalSection(ProjectConfigurationPlatforms) = postSolution
		{83306A6E-40D8-47A4-B4D2-71DEEB1431C6}.Debug|Any CPU.ActiveCfg = Debug|Any CPU
		{83306A6E-40D8-47A4-B4D2-71DEEB1431C6}.Debug|Any CPU.Build.0 = Debug|Any CPU
		{83306A6E-40D8-47A4-B4D2-71DEEB1431C6}.Release|Any CPU.ActiveCfg = Release|Any CPU
		{83306A6E-40D8-47A4-B4D2-71DEEB1431C6}.Release|Any CPU.Build.0 = Release|Any CPU
	EndGlobalSection
	GlobalSection(SolutionProperties) = preSolution
		HideSolutionNode = FALSE
	EndGlobalSection
	GlobalSection(ExtensibilityGlobals) = postSolution
		SolutionGuid = {D87BBE96-A342-402F-AFC2-5EC8B9D98C1F}
	EndGlobalSection
EndGlobal
